// !$*UTF8*$!
{
	archiveVersion = 1;
	classes = {
	};
	objectVersion = 46;
	objects = {

/* Begin PBXBuildFile section */
		F40E65971A1BD4FB00BFDBD1 /* ICCard.m in Sources */ = {isa = PBXBuildFile; fileRef = F40E65961A1BD4FB00BFDBD1 /* ICCard.m */; };
		F40E659D1A1C5FFC00BFDBD1 /* ICCardDetailViewController.m in Sources */ = {isa = PBXBuildFile; fileRef = F40E659C1A1C5FFC00BFDBD1 /* ICCardDetailViewController.m */; };
		F432389F1A1F40330036B53D /* Security.framework in Frameworks */ = {isa = PBXBuildFile; fileRef = F432389E1A1F40330036B53D /* Security.framework */; };
		F43238A11A1F403B0036B53D /* MobileCoreServices.framework in Frameworks */ = {isa = PBXBuildFile; fileRef = F43238A01A1F403B0036B53D /* MobileCoreServices.framework */; };
		F43238A61A1F499C0036B53D /* KeychainWrapper.m in Sources */ = {isa = PBXBuildFile; fileRef = F43238A51A1F499C0036B53D /* KeychainWrapper.m */; };
		F43238AC1A1F6DEB0036B53D /* ICNotificationView.m in Sources */ = {isa = PBXBuildFile; fileRef = F43238AB1A1F6DEB0036B53D /* ICNotificationView.m */; };
		F43B9A001A18B40500CB8629 /* main.m in Sources */ = {isa = PBXBuildFile; fileRef = F43B99FF1A18B40500CB8629 /* main.m */; };
		F43B9A031A18B40500CB8629 /* ICAppDelegate.m in Sources */ = {isa = PBXBuildFile; fileRef = F43B9A021A18B40500CB8629 /* ICAppDelegate.m */; };
		F43B9A061A18B40500CB8629 /* InstaCard.xcdatamodeld in Sources */ = {isa = PBXBuildFile; fileRef = F43B9A041A18B40500CB8629 /* InstaCard.xcdatamodeld */; };
		F43B9A091A18B40500CB8629 /* ICCardViewController.m in Sources */ = {isa = PBXBuildFile; fileRef = F43B9A081A18B40500CB8629 /* ICCardViewController.m */; };
		F43B9A0C1A18B40500CB8629 /* Main.storyboard in Resources */ = {isa = PBXBuildFile; fileRef = F43B9A0A1A18B40500CB8629 /* Main.storyboard */; };
		F43B9A0E1A18B40500CB8629 /* Images.xcassets in Resources */ = {isa = PBXBuildFile; fileRef = F43B9A0D1A18B40500CB8629 /* Images.xcassets */; };
		F43B9A111A18B40500CB8629 /* LaunchScreen.xib in Resources */ = {isa = PBXBuildFile; fileRef = F43B9A0F1A18B40500CB8629 /* LaunchScreen.xib */; };
		F43B9A1D1A18B40500CB8629 /* InstaCardTests.m in Sources */ = {isa = PBXBuildFile; fileRef = F43B9A1C1A18B40500CB8629 /* InstaCardTests.m */; };
		F43B9A291A18B82200CB8629 /* ICCoreDataStack.m in Sources */ = {isa = PBXBuildFile; fileRef = F43B9A281A18B82200CB8629 /* ICCoreDataStack.m */; };
		F43B9A2D1A1918E800CB8629 /* ICCardEditViewController.m in Sources */ = {isa = PBXBuildFile; fileRef = F43B9A2C1A1918E800CB8629 /* ICCardEditViewController.m */; };
		F43B9A301A19197100CB8629 /* ICCardCell.m in Sources */ = {isa = PBXBuildFile; fileRef = F43B9A2F1A19197100CB8629 /* ICCardCell.m */; };
		F497C2A01A1E61BE00838661 /* ICImageViewController.m in Sources */ = {isa = PBXBuildFile; fileRef = F497C29F1A1E61BE00838661 /* ICImageViewController.m */; };
		F4F29B4D1A1A50DA00A14CD6 /* ICUtils.m in Sources */ = {isa = PBXBuildFile; fileRef = F4F29B4C1A1A50DA00A14CD6 /* ICUtils.m */; };
/* End PBXBuildFile section */

/* Begin PBXContainerItemProxy section */
		F43B9A171A18B40500CB8629 /* PBXContainerItemProxy */ = {
			isa = PBXContainerItemProxy;
			containerPortal = F43B99F21A18B40500CB8629 /* Project object */;
			proxyType = 1;
			remoteGlobalIDString = F43B99F91A18B40500CB8629;
			remoteInfo = InstaCard;
		};
/* End PBXContainerItemProxy section */

/* Begin PBXFileReference section */
		F40E65951A1BD4FB00BFDBD1 /* ICCard.h */ = {isa = PBXFileReference; fileEncoding = 4; lastKnownFileType = sourcecode.c.h; path = ICCard.h; sourceTree = "<group>"; };
		F40E65961A1BD4FB00BFDBD1 /* ICCard.m */ = {isa = PBXFileReference; fileEncoding = 4; lastKnownFileType = sourcecode.c.objc; path = ICCard.m; sourceTree = "<group>"; };
		F40E659B1A1C5FFC00BFDBD1 /* ICCardDetailViewController.h */ = {isa = PBXFileReference; fileEncoding = 4; lastKnownFileType = sourcecode.c.h; path = ICCardDetailViewController.h; sourceTree = "<group>"; };
		F40E659C1A1C5FFC00BFDBD1 /* ICCardDetailViewController.m */ = {isa = PBXFileReference; fileEncoding = 4; lastKnownFileType = sourcecode.c.objc; path = ICCardDetailViewController.m; sourceTree = "<group>"; };
		F432389D1A1F3B300036B53D /* InstaCard_Prefix.pch */ = {isa = PBXFileReference; lastKnownFileType = sourcecode.c.h; path = InstaCard_Prefix.pch; sourceTree = "<group>"; };
		F432389E1A1F40330036B53D /* Security.framework */ = {isa = PBXFileReference; lastKnownFileType = wrapper.framework; name = Security.framework; path = System/Library/Frameworks/Security.framework; sourceTree = SDKROOT; };
		F43238A01A1F403B0036B53D /* MobileCoreServices.framework */ = {isa = PBXFileReference; lastKnownFileType = wrapper.framework; name = MobileCoreServices.framework; path = System/Library/Frameworks/MobileCoreServices.framework; sourceTree = SDKROOT; };
		F43238A31A1F48FC0036B53D /* ICConstants.h */ = {isa = PBXFileReference; lastKnownFileType = sourcecode.c.h; path = ICConstants.h; sourceTree = "<group>"; };
		F43238A41A1F499C0036B53D /* KeychainWrapper.h */ = {isa = PBXFileReference; fileEncoding = 4; lastKnownFileType = sourcecode.c.h; path = KeychainWrapper.h; sourceTree = "<group>"; };
		F43238A51A1F499C0036B53D /* KeychainWrapper.m */ = {isa = PBXFileReference; fileEncoding = 4; lastKnownFileType = sourcecode.c.objc; path = KeychainWrapper.m; sourceTree = "<group>"; };
		F43238AA1A1F6DEB0036B53D /* ICNotificationView.h */ = {isa = PBXFileReference; fileEncoding = 4; lastKnownFileType = sourcecode.c.h; path = ICNotificationView.h; sourceTree = "<group>"; };
		F43238AB1A1F6DEB0036B53D /* ICNotificationView.m */ = {isa = PBXFileReference; fileEncoding = 4; lastKnownFileType = sourcecode.c.objc; path = ICNotificationView.m; sourceTree = "<group>"; };
		F43B99FA1A18B40500CB8629 /* InstaCard.app */ = {isa = PBXFileReference; explicitFileType = wrapper.application; includeInIndex = 0; path = InstaCard.app; sourceTree = BUILT_PRODUCTS_DIR; };
		F43B99FE1A18B40500CB8629 /* Info.plist */ = {isa = PBXFileReference; lastKnownFileType = text.plist.xml; path = Info.plist; sourceTree = "<group>"; };
		F43B99FF1A18B40500CB8629 /* main.m */ = {isa = PBXFileReference; lastKnownFileType = sourcecode.c.objc; path = main.m; sourceTree = "<group>"; };
		F43B9A011A18B40500CB8629 /* ICAppDelegate.h */ = {isa = PBXFileReference; lastKnownFileType = sourcecode.c.h; path = ICAppDelegate.h; sourceTree = "<group>"; };
		F43B9A021A18B40500CB8629 /* ICAppDelegate.m */ = {isa = PBXFileReference; lastKnownFileType = sourcecode.c.objc; path = ICAppDelegate.m; sourceTree = "<group>"; };
		F43B9A051A18B40500CB8629 /* InstaCard.xcdatamodel */ = {isa = PBXFileReference; lastKnownFileType = wrapper.xcdatamodel; path = InstaCard.xcdatamodel; sourceTree = "<group>"; };
		F43B9A071A18B40500CB8629 /* ICCardViewController.h */ = {isa = PBXFileReference; lastKnownFileType = sourcecode.c.h; path = ICCardViewController.h; sourceTree = "<group>"; };
		F43B9A081A18B40500CB8629 /* ICCardViewController.m */ = {isa = PBXFileReference; lastKnownFileType = sourcecode.c.objc; path = ICCardViewController.m; sourceTree = "<group>"; };
		F43B9A0B1A18B40500CB8629 /* Base */ = {isa = PBXFileReference; lastKnownFileType = file.storyboard; name = Base; path = Base.lproj/Main.storyboard; sourceTree = "<group>"; };
		F43B9A0D1A18B40500CB8629 /* Images.xcassets */ = {isa = PBXFileReference; lastKnownFileType = folder.assetcatalog; path = Images.xcassets; sourceTree = "<group>"; };
		F43B9A101A18B40500CB8629 /* Base */ = {isa = PBXFileReference; lastKnownFileType = file.xib; name = Base; path = Base.lproj/LaunchScreen.xib; sourceTree = "<group>"; };
		F43B9A161A18B40500CB8629 /* InstaCardTests.xctest */ = {isa = PBXFileReference; explicitFileType = wrapper.cfbundle; includeInIndex = 0; path = InstaCardTests.xctest; sourceTree = BUILT_PRODUCTS_DIR; };
		F43B9A1B1A18B40500CB8629 /* Info.plist */ = {isa = PBXFileReference; lastKnownFileType = text.plist.xml; path = Info.plist; sourceTree = "<group>"; };
		F43B9A1C1A18B40500CB8629 /* InstaCardTests.m */ = {isa = PBXFileReference; lastKnownFileType = sourcecode.c.objc; path = InstaCardTests.m; sourceTree = "<group>"; };
		F43B9A281A18B82200CB8629 /* ICCoreDataStack.m */ = {isa = PBXFileReference; fileEncoding = 4; lastKnownFileType = sourcecode.c.objc; path = ICCoreDataStack.m; sourceTree = "<group>"; };
		F43B9A2A1A18B84A00CB8629 /* ICCoreDataStack.h */ = {isa = PBXFileReference; lastKnownFileType = sourcecode.c.h; path = ICCoreDataStack.h; sourceTree = "<group>"; };
		F43B9A2B1A1918E800CB8629 /* ICCardEditViewController.h */ = {isa = PBXFileReference; fileEncoding = 4; lastKnownFileType = sourcecode.c.h; path = ICCardEditViewController.h; sourceTree = "<group>"; };
		F43B9A2C1A1918E800CB8629 /* ICCardEditViewController.m */ = {isa = PBXFileReference; fileEncoding = 4; lastKnownFileType = sourcecode.c.objc; path = ICCardEditViewController.m; sourceTree = "<group>"; };
		F43B9A2E1A19197100CB8629 /* ICCardCell.h */ = {isa = PBXFileReference; fileEncoding = 4; lastKnownFileType = sourcecode.c.h; path = ICCardCell.h; sourceTree = "<group>"; };
		F43B9A2F1A19197100CB8629 /* ICCardCell.m */ = {isa = PBXFileReference; fileEncoding = 4; lastKnownFileType = sourcecode.c.objc; path = ICCardCell.m; sourceTree = "<group>"; };
		F497C29E1A1E61BE00838661 /* ICImageViewController.h */ = {isa = PBXFileReference; fileEncoding = 4; lastKnownFileType = sourcecode.c.h; path = ICImageViewController.h; sourceTree = "<group>"; };
		F497C29F1A1E61BE00838661 /* ICImageViewController.m */ = {isa = PBXFileReference; fileEncoding = 4; lastKnownFileType = sourcecode.c.objc; path = ICImageViewController.m; sourceTree = "<group>"; };
		F4F29B4B1A1A50DA00A14CD6 /* ICUtils.h */ = {isa = PBXFileReference; fileEncoding = 4; lastKnownFileType = sourcecode.c.h; path = ICUtils.h; sourceTree = "<group>"; };
		F4F29B4C1A1A50DA00A14CD6 /* ICUtils.m */ = {isa = PBXFileReference; fileEncoding = 4; lastKnownFileType = sourcecode.c.objc; path = ICUtils.m; sourceTree = "<group>"; };
/* End PBXFileReference section */

/* Begin PBXFrameworksBuildPhase section */
		F43B99F71A18B40500CB8629 /* Frameworks */ = {
			isa = PBXFrameworksBuildPhase;
			buildActionMask = 2147483647;
			files = (
				F43238A11A1F403B0036B53D /* MobileCoreServices.framework in Frameworks */,
				F432389F1A1F40330036B53D /* Security.framework in Frameworks */,
			);
			runOnlyForDeploymentPostprocessing = 0;
		};
		F43B9A131A18B40500CB8629 /* Frameworks */ = {
			isa = PBXFrameworksBuildPhase;
			buildActionMask = 2147483647;
			files = (
			);
			runOnlyForDeploymentPostprocessing = 0;
		};
/* End PBXFrameworksBuildPhase section */

/* Begin PBXGroup section */
		F43238A21A1F40480036B53D /* Frameworks */ = {
			isa = PBXGroup;
			children = (
				F43238A01A1F403B0036B53D /* MobileCoreServices.framework */,
				F432389E1A1F40330036B53D /* Security.framework */,
			);
			name = Frameworks;
			sourceTree = "<group>";
		};
		F43B99F11A18B40500CB8629 = {
			isa = PBXGroup;
			children = (
				F43238A21A1F40480036B53D /* Frameworks */,
				F43B99FC1A18B40500CB8629 /* InstaCard */,
				F43B9A191A18B40500CB8629 /* InstaCardTests */,
				F43B99FB1A18B40500CB8629 /* Products */,
			);
			sourceTree = "<group>";
		};
		F43B99FB1A18B40500CB8629 /* Products */ = {
			isa = PBXGroup;
			children = (
				F43B99FA1A18B40500CB8629 /* InstaCard.app */,
				F43B9A161A18B40500CB8629 /* InstaCardTests.xctest */,
			);
			name = Products;
			sourceTree = "<group>";
		};
		F43B99FC1A18B40500CB8629 /* InstaCard */ = {
			isa = PBXGroup;
			children = (
				F43B9A011A18B40500CB8629 /* ICAppDelegate.h */,
				F43B9A021A18B40500CB8629 /* ICAppDelegate.m */,
				F43B9A071A18B40500CB8629 /* ICCardViewController.h */,
				F43B9A081A18B40500CB8629 /* ICCardViewController.m */,
				F43B9A0A1A18B40500CB8629 /* Main.storyboard */,
				F43B9A0D1A18B40500CB8629 /* Images.xcassets */,
				F43B9A0F1A18B40500CB8629 /* LaunchScreen.xib */,
				F43B9A041A18B40500CB8629 /* InstaCard.xcdatamodeld */,
				F43B9A2A1A18B84A00CB8629 /* ICCoreDataStack.h */,
				F43B9A281A18B82200CB8629 /* ICCoreDataStack.m */,
				F43B99FD1A18B40500CB8629 /* Supporting Files */,
				F43B9A2B1A1918E800CB8629 /* ICCardEditViewController.h */,
				F43B9A2C1A1918E800CB8629 /* ICCardEditViewController.m */,
				F43B9A2E1A19197100CB8629 /* ICCardCell.h */,
				F43B9A2F1A19197100CB8629 /* ICCardCell.m */,
				F4F29B4B1A1A50DA00A14CD6 /* ICUtils.h */,
				F4F29B4C1A1A50DA00A14CD6 /* ICUtils.m */,
				F40E65951A1BD4FB00BFDBD1 /* ICCard.h */,
				F40E65961A1BD4FB00BFDBD1 /* ICCard.m */,
				F40E659B1A1C5FFC00BFDBD1 /* ICCardDetailViewController.h */,
				F40E659C1A1C5FFC00BFDBD1 /* ICCardDetailViewController.m */,
				F497C29E1A1E61BE00838661 /* ICImageViewController.h */,
				F497C29F1A1E61BE00838661 /* ICImageViewController.m */,
				F43238A31A1F48FC0036B53D /* ICConstants.h */,
				F43238A41A1F499C0036B53D /* KeychainWrapper.h */,
				F43238A51A1F499C0036B53D /* KeychainWrapper.m */,
				F43238AA1A1F6DEB0036B53D /* ICNotificationView.h */,
				F43238AB1A1F6DEB0036B53D /* ICNotificationView.m */,
			);
			path = InstaCard;
			sourceTree = "<group>";
		};
		F43B99FD1A18B40500CB8629 /* Supporting Files */ = {
			isa = PBXGroup;
			children = (
				F43B99FE1A18B40500CB8629 /* Info.plist */,
				F43B99FF1A18B40500CB8629 /* main.m */,
				F432389D1A1F3B300036B53D /* InstaCard_Prefix.pch */,
			);
			name = "Supporting Files";
			sourceTree = "<group>";
		};
		F43B9A191A18B40500CB8629 /* InstaCardTests */ = {
			isa = PBXGroup;
			children = (
				F43B9A1C1A18B40500CB8629 /* InstaCardTests.m */,
				F43B9A1A1A18B40500CB8629 /* Supporting Files */,
			);
			path = InstaCardTests;
			sourceTree = "<group>";
		};
		F43B9A1A1A18B40500CB8629 /* Supporting Files */ = {
			isa = PBXGroup;
			children = (
				F43B9A1B1A18B40500CB8629 /* Info.plist */,
			);
			name = "Supporting Files";
			sourceTree = "<group>";
		};
/* End PBXGroup section */

/* Begin PBXNativeTarget section */
		F43B99F91A18B40500CB8629 /* InstaCard */ = {
			isa = PBXNativeTarget;
			buildConfigurationList = F43B9A201A18B40500CB8629 /* Build configuration list for PBXNativeTarget "InstaCard" */;
			buildPhases = (
				F43B99F61A18B40500CB8629 /* Sources */,
				F43B99F71A18B40500CB8629 /* Frameworks */,
				F43B99F81A18B40500CB8629 /* Resources */,
			);
			buildRules = (
			);
			dependencies = (
			);
			name = InstaCard;
			productName = InstaCard;
			productReference = F43B99FA1A18B40500CB8629 /* InstaCard.app */;
			productType = "com.apple.product-type.application";
		};
		F43B9A151A18B40500CB8629 /* InstaCardTests */ = {
			isa = PBXNativeTarget;
			buildConfigurationList = F43B9A231A18B40500CB8629 /* Build configuration list for PBXNativeTarget "InstaCardTests" */;
			buildPhases = (
				F43B9A121A18B40500CB8629 /* Sources */,
				F43B9A131A18B40500CB8629 /* Frameworks */,
				F43B9A141A18B40500CB8629 /* Resources */,
			);
			buildRules = (
			);
			dependencies = (
				F43B9A181A18B40500CB8629 /* PBXTargetDependency */,
			);
			name = InstaCardTests;
			productName = InstaCardTests;
			productReference = F43B9A161A18B40500CB8629 /* InstaCardTests.xctest */;
			productType = "com.apple.product-type.bundle.unit-test";
		};
/* End PBXNativeTarget section */

/* Begin PBXProject section */
		F43B99F21A18B40500CB8629 /* Project object */ = {
			isa = PBXProject;
			attributes = {
				LastUpgradeCheck = 0600;
				ORGANIZATIONNAME = "GAURAV SRIVASTAVA";
				TargetAttributes = {
					F43B99F91A18B40500CB8629 = {
						CreatedOnToolsVersion = 6.0.1;
					};
					F43B9A151A18B40500CB8629 = {
						CreatedOnToolsVersion = 6.0.1;
						TestTargetID = F43B99F91A18B40500CB8629;
					};
				};
			};
			buildConfigurationList = F43B99F51A18B40500CB8629 /* Build configuration list for PBXProject "InstaCard" */;
			compatibilityVersion = "Xcode 3.2";
			developmentRegion = English;
			hasScannedForEncodings = 0;
			knownRegions = (
				en,
				Base,
			);
			mainGroup = F43B99F11A18B40500CB8629;
			productRefGroup = F43B99FB1A18B40500CB8629 /* Products */;
			projectDirPath = "";
			projectRoot = "";
			targets = (
				F43B99F91A18B40500CB8629 /* InstaCard */,
				F43B9A151A18B40500CB8629 /* InstaCardTests */,
			);
		};
/* End PBXProject section */

/* Begin PBXResourcesBuildPhase section */
		F43B99F81A18B40500CB8629 /* Resources */ = {
			isa = PBXResourcesBuildPhase;
			buildActionMask = 2147483647;
			files = (
				F43B9A0C1A18B40500CB8629 /* Main.storyboard in Resources */,
				F43B9A111A18B40500CB8629 /* LaunchScreen.xib in Resources */,
				F43B9A0E1A18B40500CB8629 /* Images.xcassets in Resources */,
			);
			runOnlyForDeploymentPostprocessing = 0;
		};
		F43B9A141A18B40500CB8629 /* Resources */ = {
			isa = PBXResourcesBuildPhase;
			buildActionMask = 2147483647;
			files = (
			);
			runOnlyForDeploymentPostprocessing = 0;
		};
/* End PBXResourcesBuildPhase section */

/* Begin PBXSourcesBuildPhase section */
		F43B99F61A18B40500CB8629 /* Sources */ = {
			isa = PBXSourcesBuildPhase;
			buildActionMask = 2147483647;
			files = (
				F43B9A061A18B40500CB8629 /* InstaCard.xcdatamodeld in Sources */,
				F497C2A01A1E61BE00838661 /* ICImageViewController.m in Sources */,
				F40E659D1A1C5FFC00BFDBD1 /* ICCardDetailViewController.m in Sources */,
				F40E65971A1BD4FB00BFDBD1 /* ICCard.m in Sources */,
				F43B9A2D1A1918E800CB8629 /* ICCardEditViewController.m in Sources */,
				F43B9A031A18B40500CB8629 /* ICAppDelegate.m in Sources */,
				F43B9A091A18B40500CB8629 /* ICCardViewController.m in Sources */,
				F43238AC1A1F6DEB0036B53D /* ICNotificationView.m in Sources */,
				F43B9A291A18B82200CB8629 /* ICCoreDataStack.m in Sources */,
				F4F29B4D1A1A50DA00A14CD6 /* ICUtils.m in Sources */,
				F43238A61A1F499C0036B53D /* KeychainWrapper.m in Sources */,
				F43B9A301A19197100CB8629 /* ICCardCell.m in Sources */,
				F43B9A001A18B40500CB8629 /* main.m in Sources */,
			);
			runOnlyForDeploymentPostprocessing = 0;
		};
		F43B9A121A18B40500CB8629 /* Sources */ = {
			isa = PBXSourcesBuildPhase;
			buildActionMask = 2147483647;
			files = (
				F43B9A1D1A18B40500CB8629 /* InstaCardTests.m in Sources */,
			);
			runOnlyForDeploymentPostprocessing = 0;
		};
/* End PBXSourcesBuildPhase section */

/* Begin PBXTargetDependency section */
		F43B9A181A18B40500CB8629 /* PBXTargetDependency */ = {
			isa = PBXTargetDependency;
			target = F43B99F91A18B40500CB8629 /* InstaCard */;
			targetProxy = F43B9A171A18B40500CB8629 /* PBXContainerItemProxy */;
		};
/* End PBXTargetDependency section */

/* Begin PBXVariantGroup section */
		F43B9A0A1A18B40500CB8629 /* Main.storyboard */ = {
			isa = PBXVariantGroup;
			children = (
				F43B9A0B1A18B40500CB8629 /* Base */,
			);
			name = Main.storyboard;
			sourceTree = "<group>";
		};
		F43B9A0F1A18B40500CB8629 /* LaunchScreen.xib */ = {
			isa = PBXVariantGroup;
			children = (
				F43B9A101A18B40500CB8629 /* Base */,
			);
			name = LaunchScreen.xib;
			sourceTree = "<group>";
		};
/* End PBXVariantGroup section */

/* Begin XCBuildConfiguration section */
		F43B9A1E1A18B40500CB8629 /* Debug */ = {
			isa = XCBuildConfiguration;
			buildSettings = {
				ALWAYS_SEARCH_USER_PATHS = NO;
				CLANG_CXX_LANGUAGE_STANDARD = "gnu++0x";
				CLANG_CXX_LIBRARY = "libc++";
				CLANG_ENABLE_MODULES = YES;
				CLANG_ENABLE_OBJC_ARC = YES;
				CLANG_WARN_BOOL_CONVERSION = YES;
				CLANG_WARN_CONSTANT_CONVERSION = YES;
				CLANG_WARN_DIRECT_OBJC_ISA_USAGE = YES_ERROR;
				CLANG_WARN_EMPTY_BODY = YES;
				CLANG_WARN_ENUM_CONVERSION = YES;
				CLANG_WARN_INT_CONVERSION = YES;
				CLANG_WARN_OBJC_ROOT_CLASS = YES_ERROR;
				CLANG_WARN_UNREACHABLE_CODE = YES;
				CLANG_WARN__DUPLICATE_METHOD_MATCH = YES;
				"CODE_SIGN_IDENTITY[sdk=iphoneos*]" = "iPhone Developer";
				COPY_PHASE_STRIP = NO;
				ENABLE_STRICT_OBJC_MSGSEND = YES;
				GCC_C_LANGUAGE_STANDARD = gnu99;
				GCC_DYNAMIC_NO_PIC = NO;
				GCC_OPTIMIZATION_LEVEL = 0;
				GCC_PREPROCESSOR_DEFINITIONS = (
					"DEBUG=1",
					"$(inherited)",
				);
				GCC_SYMBOLS_PRIVATE_EXTERN = NO;
				GCC_WARN_64_TO_32_BIT_CONVERSION = YES;
				GCC_WARN_ABOUT_RETURN_TYPE = YES_ERROR;
				GCC_WARN_UNDECLARED_SELECTOR = YES;
				GCC_WARN_UNINITIALIZED_AUTOS = YES_AGGRESSIVE;
				GCC_WARN_UNUSED_FUNCTION = YES;
				GCC_WARN_UNUSED_VARIABLE = YES;
				IPHONEOS_DEPLOYMENT_TARGET = 8.0;
				MTL_ENABLE_DEBUG_INFO = YES;
				ONLY_ACTIVE_ARCH = YES;
				SDKROOT = iphoneos;
			};
			name = Debug;
		};
		F43B9A1F1A18B40500CB8629 /* Release */ = {
			isa = XCBuildConfiguration;
			buildSettings = {
				ALWAYS_SEARCH_USER_PATHS = NO;
				CLANG_CXX_LANGUAGE_STANDARD = "gnu++0x";
				CLANG_CXX_LIBRARY = "libc++";
				CLANG_ENABLE_MODULES = YES;
				CLANG_ENABLE_OBJC_ARC = YES;
				CLANG_WARN_BOOL_CONVERSION = YES;
				CLANG_WARN_CONSTANT_CONVERSION = YES;
				CLANG_WARN_DIRECT_OBJC_ISA_USAGE = YES_ERROR;
				CLANG_WARN_EMPTY_BODY = YES;
				CLANG_WARN_ENUM_CONVERSION = YES;
				CLANG_WARN_INT_CONVERSION = YES;
				CLANG_WARN_OBJC_ROOT_CLASS = YES_ERROR;
				CLANG_WARN_UNREACHABLE_CODE = YES;
				CLANG_WARN__DUPLICATE_METHOD_MATCH = YES;
				"CODE_SIGN_IDENTITY[sdk=iphoneos*]" = "iPhone Developer";
				COPY_PHASE_STRIP = YES;
				ENABLE_NS_ASSERTIONS = NO;
				ENABLE_STRICT_OBJC_MSGSEND = YES;
				GCC_C_LANGUAGE_STANDARD = gnu99;
				GCC_WARN_64_TO_32_BIT_CONVERSION = YES;
				GCC_WARN_ABOUT_RETURN_TYPE = YES_ERROR;
				GCC_WARN_UNDECLARED_SELECTOR = YES;
				GCC_WARN_UNINITIALIZED_AUTOS = YES_AGGRESSIVE;
				GCC_WARN_UNUSED_FUNCTION = YES;
				GCC_WARN_UNUSED_VARIABLE = YES;
				IPHONEOS_DEPLOYMENT_TARGET = 8.0;
				MTL_ENABLE_DEBUG_INFO = NO;
				SDKROOT = iphoneos;
				VALIDATE_PRODUCT = YES;
			};
			name = Release;
		};
		F43B9A211A18B40500CB8629 /* Debug */ = {
			isa = XCBuildConfiguration;
			buildSettings = {
				ASSETCATALOG_COMPILER_APPICON_NAME = AppIcon;
				CODE_SIGN_IDENTITY = "iPhone Developer: GAURAV SRIVASTAVA (PA7VBLG2A8)";
				GCC_PRECOMPILE_PREFIX_HEADER = YES;
				GCC_PREFIX_HEADER = InstaCard/InstaCard_Prefix.pch;
				INFOPLIST_FILE = InstaCard/Info.plist;
				INFOPLIST_PREFIX_HEADER = InstaCard/InstaCard_Prefix.pch;
				IPHONEOS_DEPLOYMENT_TARGET = 8.1;
				LD_RUNPATH_SEARCH_PATHS = "$(inherited) @executable_path/Frameworks";
				PRODUCT_NAME = "$(TARGET_NAME)";
				PROVISIONING_PROFILE = "c5e3e8d1-cb45-422b-8896-a1983fc9ee8d";
			};
			name = Debug;
		};
		F43B9A221A18B40500CB8629 /* Release */ = {
			isa = XCBuildConfiguration;
			buildSettings = {
				ASSETCATALOG_COMPILER_APPICON_NAME = AppIcon;
				CODE_SIGN_IDENTITY = "iPhone Developer: GAURAV SRIVASTAVA (PA7VBLG2A8)";
				GCC_PRECOMPILE_PREFIX_HEADER = YES;
				GCC_PREFIX_HEADER = InstaCard/InstaCard_Prefix.pch;
				INFOPLIST_FILE = InstaCard/Info.plist;
				INFOPLIST_PREFIX_HEADER = InstaCard/InstaCard_Prefix.pch;
				IPHONEOS_DEPLOYMENT_TARGET = 8.1;
				LD_RUNPATH_SEARCH_PATHS = "$(inherited) @executable_path/Frameworks";
				PRODUCT_NAME = "$(TARGET_NAME)";
				PROVISIONING_PROFILE = "c5e3e8d1-cb45-422b-8896-a1983fc9ee8d";
			};
			name = Release;
		};
		F43B9A241A18B40500CB8629 /* Debug */ = {
			isa = XCBuildConfiguration;
			buildSettings = {
				BUNDLE_LOADER = "$(TEST_HOST)";
				FRAMEWORK_SEARCH_PATHS = (
					"$(SDKROOT)/Developer/Library/Frameworks",
					"$(inherited)",
				);
				GCC_PREPROCESSOR_DEFINITIONS = (
					"DEBUG=1",
					"$(inherited)",
				);
				INFOPLIST_FILE = InstaCardTests/Info.plist;
				LD_RUNPATH_SEARCH_PATHS = "$(inherited) @executable_path/Frameworks @loader_path/Frameworks";
				PRODUCT_NAME = "$(TARGET_NAME)";
				TEST_HOST = "$(BUILT_PRODUCTS_DIR)/InstaCard.app/InstaCard";
			};
			name = Debug;
		};
		F43B9A251A18B40500CB8629 /* Release */ = {
			isa = XCBuildConfiguration;
			buildSettings = {
				BUNDLE_LOADER = "$(TEST_HOST)";
				FRAMEWORK_SEARCH_PATHS = (
					"$(SDKROOT)/Developer/Library/Frameworks",
					"$(inherited)",
				);
				INFOPLIST_FILE = InstaCardTests/Info.plist;
				LD_RUNPATH_SEARCH_PATHS = "$(inherited) @executable_path/Frameworks @loader_path/Frameworks";
				PRODUCT_NAME = "$(TARGET_NAME)";
				TEST_HOST = "$(BUILT_PRODUCTS_DIR)/InstaCard.app/InstaCard";
			};
			name = Release;
		};
/* End XCBuildConfiguration section */

/* Begin XCConfigurationList section */
		F43B99F51A18B40500CB8629 /* Build configuration list for PBXProject "InstaCard" */ = {
			isa = XCConfigurationList;
			buildConfigurations = (
				F43B9A1E1A18B40500CB8629 /* Debug */,
				F43B9A1F1A18B40500CB8629 /* Release */,
			);
			defaultConfigurationIsVisible = 0;
			defaultConfigurationName = Release;
		};
		F43B9A201A18B40500CB8629 /* Build configuration list for PBXNativeTarget "InstaCard" */ = {
			isa = XCConfigurationList;
			buildConfigurations = (
				F43B9A211A18B40500CB8629 /* Debug */,
				F43B9A221A18B40500CB8629 /* Release */,
			);
			defaultConfigurationIsVisible = 0;
			defaultConfigurationName = Release;
		};
		F43B9A231A18B40500CB8629 /* Build configuration list for PBXNativeTarget "InstaCardTests" */ = {
			isa = XCConfigurationList;
			buildConfigurations = (
				F43B9A241A18B40500CB8629 /* Debug */,
				F43B9A251A18B40500CB8629 /* Release */,
			);
			defaultConfigurationIsVisible = 0;
			defaultConfigurationName = Release;
		};
/* End XCConfigurationList section */

/* Begin XCVersionGroup section */
		F43B9A041A18B40500CB8629 /* InstaCard.xcdatamodeld */ = {
			isa = XCVersionGroup;
			children = (
				F43B9A051A18B40500CB8629 /* InstaCard.xcdatamodel */,
			);
			currentVersion = F43B9A051A18B40500CB8629 /* InstaCard.xcdatamodel */;
			path = InstaCard.xcdatamodeld;
			sourceTree = "<group>";
			versionGroupType = wrapper.xcdatamodel;
		};
/* End XCVersionGroup section */
	};
	rootObject = F43B99F21A18B40500CB8629 /* Project object */;
}
